
Microsoft Visual Studio Solution File, Format Version 12.00
# Visual Studio Version 17
VisualStudioVersion = 17.5.33627.172
MinimumVisualStudioVersion = 10.0.40219.1
Project("{FAE04EC0-301F-11D3-BF4B-00C04F79EFBC}") = "ConsoleAppCShap", "ConsoleAppCShap\ConsoleAppCShap.csproj", "{3878D89C-3DC0-4996-AAE2-FF0091178D15}"
EndProject
Global
	GlobalSection(SolutionConfigurationPlatforms) = preSolution
		Debug|Any CPU = Debug|Any CPU
		Release|Any CPU = Release|Any CPU
	EndGlobalSection
	GlobalSection(ProjectConfigurationPlatforms) = postSolution
		{3878D89C-3DC0-4996-AAE2-FF0091178D15}.Debug|Any CPU.ActiveCfg = Debug|Any CPU
		{3878D89C-3DC0-4996-AAE2-FF0091178D15}.Debug|Any CPU.Build.0 = Debug|Any CPU
		{3878D89C-3DC0-4996-AAE2-FF0091178D15}.Release|Any CPU.ActiveCfg = Release|Any CPU
		{3878D89C-3DC0-4996-AAE2-FF0091178D15}.Release|Any CPU.Build.0 = Release|Any CPU
	EndGlobalSection
	GlobalSection(SolutionProperties) = preSolution
		HideSolutionNode = FALSE
	EndGlobalSection
	GlobalSection(ExtensibilityGlobals) = postSolution
		SolutionGuid = {E4919D4F-D638-4D8D-B06C-67D4DBC55F82}
	EndGlobalSection
EndGlobal
